PODS:
  - DeskAPIClient (2.0.0):
    - DeskCommon (~> 1.0.4)
  - DeskCommon (1.0.4)
  - DeskKit (3.0.0):
    - DeskAPIClient (~> 2.0.0)

DEPENDENCIES:
  - DeskAPIClient (~> 2.0.0)
  - DeskKit (from `git@github.com:forcedotcom/DeskMobileSDK-iOS.git`, branch `tickets/MSDKI-39-Make-it-easier-for-clients-to-style-the-SDK-differently-than-their-app`)

EXTERNAL SOURCES:
  DeskKit:
    :branch: tickets/MSDKI-39-Make-it-easier-for-clients-to-style-the-SDK-differently-than-their-app
    :git: git@github.com:forcedotcom/DeskMobileSDK-iOS.git

CHECKOUT OPTIONS:
  DeskKit:
    :commit: ba0b808726cda0c43e3d2e0b5f832d1adc90c02c
    :git: git@github.com:forcedotcom/DeskMobileSDK-iOS.git

SPEC CHECKSUMS:
  DeskAPIClient: 0708efec60eef0a53c9ee60a7912a7c10eeb39b8
  DeskCommon: aa0e105a959a879555846107d2c678957ed4cb5d
  DeskKit: b1f18f7349bb48819abb3ae879c3ee46ded1329e

COCOAPODS: 0.39.0
