PODS:
  - DeskAPIClient (1.1.4):
    - DeskCommon (~> 1.0.4)
  - DeskCommon (1.0.4)
  - DeskKit (1.2.1):
    - DeskAPIClient (~> 1.1.4)

DEPENDENCIES:
  - DeskKit (~> 1.2.1)

SPEC CHECKSUMS:
  DeskAPIClient: 851b60ea6c744e97cfe3b7ac3cfe381fe814ba25
  DeskCommon: aa0e105a959a879555846107d2c678957ed4cb5d
  DeskKit: e8e800b6d04b2d395f6c0cb50f1b4484300998a9

COCOAPODS: 0.39.0
