PODS:
  - DeskAPIClient (3.1.0):
    - DeskCommon (~> 1.0.4)
  - DeskCommon (1.0.4)
  - DeskKit (3.0.3):
    - DeskAPIClient (~> 3.0)

DEPENDENCIES:
  - DeskKit (~> 3.0)

SPEC CHECKSUMS:
  DeskAPIClient: 0d27e9d1876c96dc42b83d940604a855d1a3538c
  DeskCommon: aa0e105a959a879555846107d2c678957ed4cb5d
  DeskKit: 2de610aa221b0b277e820332a6dc48e088621688

PODFILE CHECKSUM: a681598e0f8523948a6079f3bc7b208b465af458

COCOAPODS: 1.0.1
