PODS:
  - DeskAPIClient (3.2.3):
    - DeskCommon (~> 1.1)
  - DeskCommon (1.1.1)
  - DeskKit (4.0.1):
    - DeskAPIClient (~> 3.0)

DEPENDENCIES:
  - DeskKit (~> 4.0)

SPEC CHECKSUMS:
  DeskAPIClient: 0ac4597297a757a11c569541bcb3734daa0e2810
  DeskCommon: b9686c1aaa3f5ca58915804e069fbc2b272978e9
  DeskKit: 0435715b88461cde5addbd9cadbd43d537996b42

PODFILE CHECKSUM: 93beb429458d92c38398dd945515488750a44b2d

COCOAPODS: 1.0.1
