PODS:
  - DeskAPIClient (3.2.2):
    - DeskCommon (~> 1.1)
  - DeskCommon (1.1.1)
  - DeskKit (4.0.0):
    - DeskAPIClient (~> 3.0)

DEPENDENCIES:
  - DeskKit (~> 4.0)

SPEC CHECKSUMS:
  DeskAPIClient: b8e4f8d2430fb86d8da13d07fb4dc4882327b3ea
  DeskCommon: b9686c1aaa3f5ca58915804e069fbc2b272978e9
  DeskKit: 044e61db5c6af4246744199bbdc71f4453bcf563

PODFILE CHECKSUM: 396d2680c068807c94bb634f7873bc1d427bc4fe

COCOAPODS: 1.0.1
