PODS:
  - DeskAPIClient (3.2.1):
    - DeskCommon (~> 1.1)
  - DeskCommon (1.1.0)
  - OCMock (3.0.2)

DEPENDENCIES:
  - DeskAPIClient (~> 3.2)
  - OCMock (~> 3.0.2)

SPEC CHECKSUMS:
  DeskAPIClient: 260c8f3fa0a64258612186a2ffc6523665f3db70
  DeskCommon: 9a56dece9026e1b751707442586e30f7ac2325aa
  OCMock: 1f0871af0f397183f33e7552cca088bd2b485c25

PODFILE CHECKSUM: 2a8282dc39e0bf93ebc9fa5c5353cfc10c781260

COCOAPODS: 1.0.1
