PODS:
  - DeskAPIClient (1.1.4):
    - DeskCommon (~> 1.0.4)
  - DeskCommon (1.0.4)
  - OCMock (3.0.2)

DEPENDENCIES:
  - DeskAPIClient (~> 1.1.4)
  - OCMock (~> 3.0.2)

SPEC CHECKSUMS:
  DeskAPIClient: 851b60ea6c744e97cfe3b7ac3cfe381fe814ba25
  DeskCommon: aa0e105a959a879555846107d2c678957ed4cb5d
  OCMock: 1f0871af0f397183f33e7552cca088bd2b485c25

COCOAPODS: 0.39.0
